
Microsoft Visual Studio Solution File, Format Version 12.00
# Visual Studio Version 16
VisualStudioVersion = 16.0.30503.244
MinimumVisualStudioVersion = 10.0.40219.1
Project("{888888A0-9F3D-457C-B088-3A5042F75D52}") = "ProjetINFO", "..\..\..\Desktop\ProjetINFO.pyproj", "{38A5AE33-7F9D-4471-AD8E-F7B6642B1181}"
EndProject
Global
	GlobalSection(SolutionConfigurationPlatforms) = preSolution
		Debug|Any CPU = Debug|Any CPU
		Release|Any CPU = Release|Any CPU
	EndGlobalSection
	GlobalSection(ProjectConfigurationPlatforms) = postSolution
		{38A5AE33-7F9D-4471-AD8E-F7B6642B1181}.Debug|Any CPU.ActiveCfg = Debug|Any CPU
		{38A5AE33-7F9D-4471-AD8E-F7B6642B1181}.Release|Any CPU.ActiveCfg = Release|Any CPU
	EndGlobalSection
	GlobalSection(SolutionProperties) = preSolution
		HideSolutionNode = FALSE
	EndGlobalSection
	GlobalSection(ExtensibilityGlobals) = postSolution
		SolutionGuid = {25682A7B-135C-436B-B4A9-888EF2B60708}
	EndGlobalSection
EndGlobal
